
Microsoft Visual Studio Solution File, Format Version 12.00
# Visual Studio Version 16
VisualStudioVersion = 16.0.30320.27
MinimumVisualStudioVersion = 10.0.40219.1
Project("{FAE04EC0-301F-11D3-BF4B-00C04F79EFBC}") = "TripLog.UWP", "TripLog\TripLog.UWP\TripLog.UWP.csproj", "{DAD3AE70-7B24-49B5-959C-BC658C9656D3}"
EndProject
Project("{FAE04EC0-301F-11D3-BF4B-00C04F79EFBC}") = "TripLog.Android", "TripLog\TripLog.Android\TripLog.Android.csproj", "{DAE86BB8-3790-4CF8-A1B3-21973CE36DB0}"
EndProject
Project("{FAE04EC0-301F-11D3-BF4B-00C04F79EFBC}") = "TripLog.iOS", "TripLog\TripLog.iOS\TripLog.iOS.csproj", "{153CC775-F6F4-46EA-A381-96BC9B0C0AF1}"
EndProject
Project("{FAE04EC0-301F-11D3-BF4B-00C04F79EFBC}") = "TripLog", "TripLog\TripLog\TripLog.csproj", "{61A13F09-9DD0-4F97-9980-A12B9BFB4869}"
EndProject
Global
	GlobalSection(SolutionConfigurationPlatforms) = preSolution
		Debug|Any CPU = Debug|Any CPU
		Debug|ARM = Debug|ARM
		Debug|iPhone = Debug|iPhone
		Debug|iPhoneSimulator = Debug|iPhoneSimulator
		Debug|x64 = Debug|x64
		Debug|x86 = Debug|x86
		Release|Any CPU = Release|Any CPU
		Release|ARM = Release|ARM
		Release|iPhone = Release|iPhone
		Release|iPhoneSimulator = Release|iPhoneSimulator
		Release|x64 = Release|x64
		Release|x86 = Release|x86
	EndGlobalSection
	GlobalSection(ProjectConfigurationPlatforms) = postSolution
		{DAD3AE70-7B24-49B5-959C-BC658C9656D3}.Debug|Any CPU.ActiveCfg = Debug|x86
		{DAD3AE70-7B24-49B5-959C-BC658C9656D3}.Debug|Any CPU.Build.0 = Debug|x86
		{DAD3AE70-7B24-49B5-959C-BC658C9656D3}.Debug|Any CPU.Deploy.0 = Debug|x86
		{DAD3AE70-7B24-49B5-959C-BC658C9656D3}.Debug|ARM.ActiveCfg = Debug|ARM
		{DAD3AE70-7B24-49B5-959C-BC658C9656D3}.Debug|ARM.Build.0 = Debug|ARM
		{DAD3AE70-7B24-49B5-959C-BC658C9656D3}.Debug|ARM.Deploy.0 = Debug|ARM
		{DAD3AE70-7B24-49B5-959C-BC658C9656D3}.Debug|iPhone.ActiveCfg = Debug|x86
		{DAD3AE70-7B24-49B5-959C-BC658C9656D3}.Debug|iPhone.Build.0 = Debug|x86
		{DAD3AE70-7B24-49B5-959C-BC658C9656D3}.Debug|iPhone.Deploy.0 = Debug|x86
		{DAD3AE70-7B24-49B5-959C-BC658C9656D3}.Debug|iPhoneSimulator.ActiveCfg = Debug|x86
		{DAD3AE70-7B24-49B5-959C-BC658C9656D3}.Debug|iPhoneSimulator.Build.0 = Debug|x86
		{DAD3AE70-7B24-49B5-959C-BC658C9656D3}.Debug|iPhoneSimulator.Deploy.0 = Debug|x86
		{DAD3AE70-7B24-49B5-959C-BC658C9656D3}.Debug|x64.ActiveCfg = Debug|x64
		{DAD3AE70-7B24-49B5-959C-BC658C9656D3}.Debug|x64.Build.0 = Debug|x64
		{DAD3AE70-7B24-49B5-959C-BC658C9656D3}.Debug|x64.Deploy.0 = Debug|x64
		{DAD3AE70-7B24-49B5-959C-BC658C9656D3}.Debug|x86.ActiveCfg = Debug|x86
		{DAD3AE70-7B24-49B5-959C-BC658C9656D3}.Debug|x86.Build.0 = Debug|x86
		{DAD3AE70-7B24-49B5-959C-BC658C9656D3}.Debug|x86.Deploy.0 = Debug|x86
		{DAD3AE70-7B24-49B5-959C-BC658C9656D3}.Release|Any CPU.ActiveCfg = Release|x86
		{DAD3AE70-7B24-49B5-959C-BC658C9656D3}.Release|Any CPU.Build.0 = Release|x86
		{DAD3AE70-7B24-49B5-959C-BC658C9656D3}.Release|Any CPU.Deploy.0 = Release|x86
		{DAD3AE70-7B24-49B5-959C-BC658C9656D3}.Release|ARM.ActiveCfg = Release|ARM
		{DAD3AE70-7B24-49B5-959C-BC658C9656D3}.Release|ARM.Build.0 = Release|ARM
		{DAD3AE70-7B24-49B5-959C-BC658C9656D3}.Release|ARM.Deploy.0 = Release|ARM
		{DAD3AE70-7B24-49B5-959C-BC658C9656D3}.Release|iPhone.ActiveCfg = Release|x86
		{DAD3AE70-7B24-49B5-959C-BC658C9656D3}.Release|iPhone.Build.0 = Release|x86
		{DAD3AE70-7B24-49B5-959C-BC658C9656D3}.Release|iPhone.Deploy.0 = Release|x86
		{DAD3AE70-7B24-49B5-959C-BC658C9656D3}.Release|iPhoneSimulator.ActiveCfg = Release|x86
		{DAD3AE70-7B24-49B5-959C-BC658C9656D3}.Release|iPhoneSimulator.Build.0 = Release|x86
		{DAD3AE70-7B24-49B5-959C-BC658C9656D3}.Release|iPhoneSimulator.Deploy.0 = Release|x86
		{DAD3AE70-7B24-49B5-959C-BC658C9656D3}.Release|x64.ActiveCfg = Release|x64
		{DAD3AE70-7B24-49B5-959C-BC658C9656D3}.Release|x64.Build.0 = Release|x64
		{DAD3AE70-7B24-49B5-959C-BC658C9656D3}.Release|x64.Deploy.0 = Release|x64
		{DAD3AE70-7B24-49B5-959C-BC658C9656D3}.Release|x86.ActiveCfg = Release|x86
		{DAD3AE70-7B24-49B5-959C-BC658C9656D3}.Release|x86.Build.0 = Release|x86
		{DAD3AE70-7B24-49B5-959C-BC658C9656D3}.Release|x86.Deploy.0 = Release|x86
		{DAE86BB8-3790-4CF8-A1B3-21973CE36DB0}.Debug|Any CPU.ActiveCfg = Debug|Any CPU
		{DAE86BB8-3790-4CF8-A1B3-21973CE36DB0}.Debug|Any CPU.Build.0 = Debug|Any CPU
		{DAE86BB8-3790-4CF8-A1B3-21973CE36DB0}.Debug|Any CPU.Deploy.0 = Debug|Any CPU
		{DAE86BB8-3790-4CF8-A1B3-21973CE36DB0}.Debug|ARM.ActiveCfg = Debug|Any CPU
		{DAE86BB8-3790-4CF8-A1B3-21973CE36DB0}.Debug|ARM.Build.0 = Debug|Any CPU
		{DAE86BB8-3790-4CF8-A1B3-21973CE36DB0}.Debug|ARM.Deploy.0 = Debug|Any CPU
		{DAE86BB8-3790-4CF8-A1B3-21973CE36DB0}.Debug|iPhone.ActiveCfg = Debug|Any CPU
		{DAE86BB8-3790-4CF8-A1B3-21973CE36DB0}.Debug|iPhone.Build.0 = Debug|Any CPU
		{DAE86BB8-3790-4CF8-A1B3-21973CE36DB0}.Debug|iPhone.Deploy.0 = Debug|Any CPU
		{DAE86BB8-3790-4CF8-A1B3-21973CE36DB0}.Debug|iPhoneSimulator.ActiveCfg = Debug|Any CPU
		{DAE86BB8-3790-4CF8-A1B3-21973CE36DB0}.Debug|iPhoneSimulator.Build.0 = Debug|Any CPU
		{DAE86BB8-3790-4CF8-A1B3-21973CE36DB0}.Debug|iPhoneSimulator.Deploy.0 = Debug|Any CPU
		{DAE86BB8-3790-4CF8-A1B3-21973CE36DB0}.Debug|x64.ActiveCfg = Debug|Any CPU
		{DAE86BB8-3790-4CF8-A1B3-21973CE36DB0}.Debug|x64.Build.0 = Debug|Any CPU
		{DAE86BB8-3790-4CF8-A1B3-21973CE36DB0}.Debug|x64.Deploy.0 = Debug|Any CPU
		{DAE86BB8-3790-4CF8-A1B3-21973CE36DB0}.Debug|x86.ActiveCfg = Debug|Any CPU
		{DAE86BB8-3790-4CF8-A1B3-21973CE36DB0}.Debug|x86.Build.0 = Debug|Any CPU
		{DAE86BB8-3790-4CF8-A1B3-21973CE36DB0}.Debug|x86.Deploy.0 = Debug|Any CPU
		{DAE86BB8-3790-4CF8-A1B3-21973CE36DB0}.Release|Any CPU.ActiveCfg = Release|Any CPU
		{DAE86BB8-3790-4CF8-A1B3-21973CE36DB0}.Release|Any CPU.Build.0 = Release|Any CPU
		{DAE86BB8-3790-4CF8-A1B3-21973CE36DB0}.Release|Any CPU.Deploy.0 = Release|Any CPU
		{DAE86BB8-3790-4CF8-A1B3-21973CE36DB0}.Release|ARM.ActiveCfg = Release|Any CPU
		{DAE86BB8-3790-4CF8-A1B3-21973CE36DB0}.Release|ARM.Build.0 = Release|Any CPU
		{DAE86BB8-3790-4CF8-A1B3-21973CE36DB0}.Release|ARM.Deploy.0 = Release|Any CPU
		{DAE86BB8-3790-4CF8-A1B3-21973CE36DB0}.Release|iPhone.ActiveCfg = Release|Any CPU
		{DAE86BB8-3790-4CF8-A1B3-21973CE36DB0}.Release|iPhone.Build.0 = Release|Any CPU
		{DAE86BB8-3790-4CF8-A1B3-21973CE36DB0}.Release|iPhone.Deploy.0 = Release|Any CPU
		{DAE86BB8-3790-4CF8-A1B3-21973CE36DB0}.Release|iPhoneSimulator.ActiveCfg = Release|Any CPU
		{DAE86BB8-3790-4CF8-A1B3-21973CE36DB0}.Release|iPhoneSimulator.Build.0 = Release|Any CPU
		{DAE86BB8-3790-4CF8-A1B3-21973CE36DB0}.Release|iPhoneSimulator.Deploy.0 = Release|Any CPU
		{DAE86BB8-3790-4CF8-A1B3-21973CE36DB0}.Release|x64.ActiveCfg = Release|Any CPU
		{DAE86BB8-3790-4CF8-A1B3-21973CE36DB0}.Release|x64.Build.0 = Release|Any CPU
		{DAE86BB8-3790-4CF8-A1B3-21973CE36DB0}.Release|x64.Deploy.0 = Release|Any CPU
		{DAE86BB8-3790-4CF8-A1B3-21973CE36DB0}.Release|x86.ActiveCfg = Release|Any CPU
		{DAE86BB8-3790-4CF8-A1B3-21973CE36DB0}.Release|x86.Build.0 = Release|Any CPU
		{DAE86BB8-3790-4CF8-A1B3-21973CE36DB0}.Release|x86.Deploy.0 = Release|Any CPU
		{153CC775-F6F4-46EA-A381-96BC9B0C0AF1}.Debug|Any CPU.ActiveCfg = Debug|iPhone
		{153CC775-F6F4-46EA-A381-96BC9B0C0AF1}.Debug|Any CPU.Build.0 = Debug|iPhone
		{153CC775-F6F4-46EA-A381-96BC9B0C0AF1}.Debug|Any CPU.Deploy.0 = Debug|iPhone
		{153CC775-F6F4-46EA-A381-96BC9B0C0AF1}.Debug|ARM.ActiveCfg = Debug|iPhone
		{153CC775-F6F4-46EA-A381-96BC9B0C0AF1}.Debug|ARM.Build.0 = Debug|iPhone
		{153CC775-F6F4-46EA-A381-96BC9B0C0AF1}.Debug|ARM.Deploy.0 = Debug|iPhone
		{153CC775-F6F4-46EA-A381-96BC9B0C0AF1}.Debug|iPhone.ActiveCfg = Debug|iPhone
		{153CC775-F6F4-46EA-A381-96BC9B0C0AF1}.Debug|iPhone.Build.0 = Debug|iPhone
		{153CC775-F6F4-46EA-A381-96BC9B0C0AF1}.Debug|iPhone.Deploy.0 = Debug|iPhone
		{153CC775-F6F4-46EA-A381-96BC9B0C0AF1}.Debug|iPhoneSimulator.ActiveCfg = Debug|iPhoneSimulator
		{153CC775-F6F4-46EA-A381-96BC9B0C0AF1}.Debug|iPhoneSimulator.Build.0 = Debug|iPhoneSimulator
		{153CC775-F6F4-46EA-A381-96BC9B0C0AF1}.Debug|iPhoneSimulator.Deploy.0 = Debug|iPhoneSimulator
		{153CC775-F6F4-46EA-A381-96BC9B0C0AF1}.Debug|x64.ActiveCfg = Debug|iPhone
		{153CC775-F6F4-46EA-A381-96BC9B0C0AF1}.Debug|x64.Build.0 = Debug|iPhone
		{153CC775-F6F4-46EA-A381-96BC9B0C0AF1}.Debug|x64.Deploy.0 = Debug|iPhone
		{153CC775-F6F4-46EA-A381-96BC9B0C0AF1}.Debug|x86.ActiveCfg = Debug|iPhone
		{153CC775-F6F4-46EA-A381-96BC9B0C0AF1}.Debug|x86.Build.0 = Debug|iPhone
		{153CC775-F6F4-46EA-A381-96BC9B0C0AF1}.Debug|x86.Deploy.0 = Debug|iPhone
		{153CC775-F6F4-46EA-A381-96BC9B0C0AF1}.Release|Any CPU.ActiveCfg = Release|iPhone
		{153CC775-F6F4-46EA-A381-96BC9B0C0AF1}.Release|Any CPU.Build.0 = Release|iPhone
		{153CC775-F6F4-46EA-A381-96BC9B0C0AF1}.Release|Any CPU.Deploy.0 = Release|iPhone
		{153CC775-F6F4-46EA-A381-96BC9B0C0AF1}.Release|ARM.ActiveCfg = Release|iPhone
		{153CC775-F6F4-46EA-A381-96BC9B0C0AF1}.Release|ARM.Build.0 = Release|iPhone
		{153CC775-F6F4-46EA-A381-96BC9B0C0AF1}.Release|ARM.Deploy.0 = Release|iPhone
		{153CC775-F6F4-46EA-A381-96BC9B0C0AF1}.Release|iPhone.ActiveCfg = Release|iPhone
		{153CC775-F6F4-46EA-A381-96BC9B0C0AF1}.Release|iPhone.Build.0 = Release|iPhone
		{153CC775-F6F4-46EA-A381-96BC9B0C0AF1}.Release|iPhone.Deploy.0 = Release|iPhone
		{153CC775-F6F4-46EA-A381-96BC9B0C0AF1}.Release|iPhoneSimulator.ActiveCfg = Release|iPhoneSimulator
		{153CC775-F6F4-46EA-A381-96BC9B0C0AF1}.Release|iPhoneSimulator.Build.0 = Release|iPhoneSimulator
		{153CC775-F6F4-46EA-A381-96BC9B0C0AF1}.Release|iPhoneSimulator.Deploy.0 = Release|iPhoneSimulator
		{153CC775-F6F4-46EA-A381-96BC9B0C0AF1}.Release|x64.ActiveCfg = Release|iPhone
		{153CC775-F6F4-46EA-A381-96BC9B0C0AF1}.Release|x64.Build.0 = Release|iPhone
		{153CC775-F6F4-46EA-A381-96BC9B0C0AF1}.Release|x64.Deploy.0 = Release|iPhone
		{153CC775-F6F4-46EA-A381-96BC9B0C0AF1}.Release|x86.ActiveCfg = Release|iPhone
		{153CC775-F6F4-46EA-A381-96BC9B0C0AF1}.Release|x86.Build.0 = Release|iPhone
		{153CC775-F6F4-46EA-A381-96BC9B0C0AF1}.Release|x86.Deploy.0 = Release|iPhone
		{61A13F09-9DD0-4F97-9980-A12B9BFB4869}.Debug|Any CPU.ActiveCfg = Debug|Any CPU
		{61A13F09-9DD0-4F97-9980-A12B9BFB4869}.Debug|Any CPU.Build.0 = Debug|Any CPU
		{61A13F09-9DD0-4F97-9980-A12B9BFB4869}.Debug|Any CPU.Deploy.0 = Debug|Any CPU
		{61A13F09-9DD0-4F97-9980-A12B9BFB4869}.Debug|ARM.ActiveCfg = Debug|Any CPU
		{61A13F09-9DD0-4F97-9980-A12B9BFB4869}.Debug|ARM.Build.0 = Debug|Any CPU
		{61A13F09-9DD0-4F97-9980-A12B9BFB4869}.Debug|ARM.Deploy.0 = Debug|Any CPU
		{61A13F09-9DD0-4F97-9980-A12B9BFB4869}.Debug|iPhone.ActiveCfg = Debug|Any CPU
		{61A13F09-9DD0-4F97-9980-A12B9BFB4869}.Debug|iPhone.Build.0 = Debug|Any CPU
		{61A13F09-9DD0-4F97-9980-A12B9BFB4869}.Debug|iPhone.Deploy.0 = Debug|Any CPU
		{61A13F09-9DD0-4F97-9980-A12B9BFB4869}.Debug|iPhoneSimulator.ActiveCfg = Debug|Any CPU
		{61A13F09-9DD0-4F97-9980-A12B9BFB4869}.Debug|iPhoneSimulator.Build.0 = Debug|Any CPU
		{61A13F09-9DD0-4F97-9980-A12B9BFB4869}.Debug|iPhoneSimulator.Deploy.0 = Debug|Any CPU
		{61A13F09-9DD0-4F97-9980-A12B9BFB4869}.Debug|x64.ActiveCfg = Debug|Any CPU
		{61A13F09-9DD0-4F97-9980-A12B9BFB4869}.Debug|x64.Build.0 = Debug|Any CPU
		{61A13F09-9DD0-4F97-9980-A12B9BFB4869}.Debug|x64.Deploy.0 = Debug|Any CPU
		{61A13F09-9DD0-4F97-9980-A12B9BFB4869}.Debug|x86.ActiveCfg = Debug|Any CPU
		{61A13F09-9DD0-4F97-9980-A12B9BFB4869}.Debug|x86.Build.0 = Debug|Any CPU
		{61A13F09-9DD0-4F97-9980-A12B9BFB4869}.Debug|x86.Deploy.0 = Debug|Any CPU
		{61A13F09-9DD0-4F97-9980-A12B9BFB4869}.Release|Any CPU.ActiveCfg = Release|Any CPU
		{61A13F09-9DD0-4F97-9980-A12B9BFB4869}.Release|Any CPU.Build.0 = Release|Any CPU
		{61A13F09-9DD0-4F97-9980-A12B9BFB4869}.Release|Any CPU.Deploy.0 = Release|Any CPU
		{61A13F09-9DD0-4F97-9980-A12B9BFB4869}.Release|ARM.ActiveCfg = Release|Any CPU
		{61A13F09-9DD0-4F97-9980-A12B9BFB4869}.Release|ARM.Build.0 = Release|Any CPU
		{61A13F09-9DD0-4F97-9980-A12B9BFB4869}.Release|ARM.Deploy.0 = Release|Any CPU
		{61A13F09-9DD0-4F97-9980-A12B9BFB4869}.Release|iPhone.ActiveCfg = Release|Any CPU
		{61A13F09-9DD0-4F97-9980-A12B9BFB4869}.Release|iPhone.Build.0 = Release|Any CPU
		{61A13F09-9DD0-4F97-9980-A12B9BFB4869}.Release|iPhone.Deploy.0 = Release|Any CPU
		{61A13F09-9DD0-4F97-9980-A12B9BFB4869}.Release|iPhoneSimulator.ActiveCfg = Release|Any CPU
		{61A13F09-9DD0-4F97-9980-A12B9BFB4869}.Release|iPhoneSimulator.Build.0 = Release|Any CPU
		{61A13F09-9DD0-4F97-9980-A12B9BFB4869}.Release|iPhoneSimulator.Deploy.0 = Release|Any CPU
		{61A13F09-9DD0-4F97-9980-A12B9BFB4869}.Release|x64.ActiveCfg = Release|Any CPU
		{61A13F09-9DD0-4F97-9980-A12B9BFB4869}.Release|x64.Build.0 = Release|Any CPU
		{61A13F09-9DD0-4F97-9980-A12B9BFB4869}.Release|x64.Deploy.0 = Release|Any CPU
		{61A13F09-9DD0-4F97-9980-A12B9BFB4869}.Release|x86.ActiveCfg = Release|Any CPU
		{61A13F09-9DD0-4F97-9980-A12B9BFB4869}.Release|x86.Build.0 = Release|Any CPU
		{61A13F09-9DD0-4F97-9980-A12B9BFB4869}.Release|x86.Deploy.0 = Release|Any CPU
	EndGlobalSection
	GlobalSection(SolutionProperties) = preSolution
		HideSolutionNode = FALSE
	EndGlobalSection
	GlobalSection(ExtensibilityGlobals) = postSolution
		SolutionGuid = {E88944BE-49C9-4915-910F-77C2AC26CFFD}
	EndGlobalSection
EndGlobal
